
Microsoft Visual Studio Solution File, Format Version 12.00
# Visual Studio Version 16
VisualStudioVersion = 16.0.29215.179
MinimumVisualStudioVersion = 10.0.40219.1
Project("{FAE04EC0-301F-11D3-BF4B-00C04F79EFBC}") = "Inleveropdracht1", "Inleveropdracht1.csproj", "{2CA06FF9-DC97-4CE6-A450-DB63E00A210D}"
EndProject
Global
	GlobalSection(SolutionConfigurationPlatforms) = preSolution
		Debug|Any CPU = Debug|Any CPU
		Release|Any CPU = Release|Any CPU
	EndGlobalSection
	GlobalSection(ProjectConfigurationPlatforms) = postSolution
		{2CA06FF9-DC97-4CE6-A450-DB63E00A210D}.Debug|Any CPU.ActiveCfg = Debug|Any CPU
		{2CA06FF9-DC97-4CE6-A450-DB63E00A210D}.Debug|Any CPU.Build.0 = Debug|Any CPU
		{2CA06FF9-DC97-4CE6-A450-DB63E00A210D}.Release|Any CPU.ActiveCfg = Release|Any CPU
		{2CA06FF9-DC97-4CE6-A450-DB63E00A210D}.Release|Any CPU.Build.0 = Release|Any CPU
	EndGlobalSection
	GlobalSection(SolutionProperties) = preSolution
		HideSolutionNode = FALSE
	EndGlobalSection
	GlobalSection(ExtensibilityGlobals) = postSolution
		SolutionGuid = {8BA860F1-9B6A-411E-A734-95B4E9CCBF63}
	EndGlobalSection
EndGlobal
